
Microsoft Visual Studio Solution File, Format Version 12.00
Project("{2150E333-8FDC-42A3-9474-1A3956D46DE8}") = "src", "src", "{4500C0FD-BAD9-40B7-861D-3A7CEC0DF05A}"
EndProject
Project("{2150E333-8FDC-42A3-9474-1A3956D46DE8}") = "docs", "docs", "{03F128C4-38BA-4B40-8A87-2ECE8785E36A}"
ProjectSection(SolutionItems) = preProject
	README.md = README.md
EndProjectSection
EndProject
Project("{2150E333-8FDC-42A3-9474-1A3956D46DE8}") = "tests", "tests", "{47FBE5DC-F78B-4194-ACE1-C4F3E14F804A}"
EndProject
Project("{2150E333-8FDC-42A3-9474-1A3956D46DE8}") = "core", "core", "{E6657BED-B65F-4F03-8173-243C2328B10C}"
EndProject
Project("{2150E333-8FDC-42A3-9474-1A3956D46DE8}") = "presentation", "presentation", "{421555FE-3F6F-4467-9FA1-F93DDA9BF5A0}"
EndProject
Project("{2150E333-8FDC-42A3-9474-1A3956D46DE8}") = "application", "application", "{972F48F9-8C82-4CAC-8960-3306B5393F04}"
EndProject
Project("{2150E333-8FDC-42A3-9474-1A3956D46DE8}") = "infrastructure", "infrastructure", "{CEDF886D-A298-4FEB-8719-9DA7455D82D6}"
EndProject
Project("{2150E333-8FDC-42A3-9474-1A3956D46DE8}") = "ui", "ui", "{35B1027F-8B84-4EC9-8ECA-861028C79735}"
EndProject
Global
	GlobalSection(SolutionConfigurationPlatforms) = preSolution
		Debug|Any CPU = Debug|Any CPU
		Release|Any CPU = Release|Any CPU
	EndGlobalSection
	GlobalSection(NestedProjects) = preSolution
		{E6657BED-B65F-4F03-8173-243C2328B10C} = {4500C0FD-BAD9-40B7-861D-3A7CEC0DF05A}
		{421555FE-3F6F-4467-9FA1-F93DDA9BF5A0} = {4500C0FD-BAD9-40B7-861D-3A7CEC0DF05A}
		{972F48F9-8C82-4CAC-8960-3306B5393F04} = {4500C0FD-BAD9-40B7-861D-3A7CEC0DF05A}
		{CEDF886D-A298-4FEB-8719-9DA7455D82D6} = {4500C0FD-BAD9-40B7-861D-3A7CEC0DF05A}
		{35B1027F-8B84-4EC9-8ECA-861028C79735} = {4500C0FD-BAD9-40B7-861D-3A7CEC0DF05A}
	EndGlobalSection
EndGlobal
