
Microsoft Visual Studio Solution File, Format Version 12.00
Project("{2150E333-8FDC-42A3-9474-1A3956D46DE8}") = "src", "src", "{4500C0FD-BAD9-40B7-861D-3A7CEC0DF05A}"
EndProject
Project("{2150E333-8FDC-42A3-9474-1A3956D46DE8}") = "docs", "docs", "{03F128C4-38BA-4B40-8A87-2ECE8785E36A}"
ProjectSection(SolutionItems) = preProject
	README.md = README.md
EndProjectSection
EndProject
Project("{2150E333-8FDC-42A3-9474-1A3956D46DE8}") = "tests", "tests", "{47FBE5DC-F78B-4194-ACE1-C4F3E14F804A}"
EndProject
Project("{2150E333-8FDC-42A3-9474-1A3956D46DE8}") = "Core", "Core", "{FBDF54F8-C24B-40D6-A86A-8834618C32B9}"
EndProject
Project("{2150E333-8FDC-42A3-9474-1A3956D46DE8}") = "Infrastructure", "Infrastructure", "{B2046F2C-6630-4DC3-9798-6C901BDCE915}"
EndProject
Project("{FAE04EC0-301F-11D3-BF4B-00C04F79EFBC}") = "CoreCMS.Persistence", "CoreCMS.Persistence\CoreCMS.Persistence.csproj", "{39BBE3E3-308C-44FE-ADCB-32E43E2871EF}"
EndProject
Project("{FAE04EC0-301F-11D3-BF4B-00C04F79EFBC}") = "CoreCMS.Domain", "CoreCMS.Domain\CoreCMS.Domain.csproj", "{46C31471-0D64-4137-B1A4-5C7CB2C0053C}"
EndProject
Project("{2150E333-8FDC-42A3-9474-1A3956D46DE8}") = "configs", "configs", "{DE917BAC-91C8-443D-9D79-F05D46334C09}"
ProjectSection(SolutionItems) = preProject
	.gitignore = .gitignore
EndProjectSection
EndProject
Project("{FAE04EC0-301F-11D3-BF4B-00C04F79EFBC}") = "CoreCMS.Persistence.Tests", "CoreCMS.Persistence.Tests\CoreCMS.Persistence.Tests.csproj", "{2D4AFD95-7D83-4B9A-BBA1-E315A277923F}"
EndProject
Project("{FAE04EC0-301F-11D3-BF4B-00C04F79EFBC}") = "CoreCMS.Application", "CoreCMS.Application\CoreCMS.Application.csproj", "{BEAD6651-AC0E-4212-9795-2338FABB9B88}"
EndProject
Project("{FAE04EC0-301F-11D3-BF4B-00C04F79EFBC}") = "CoreCMS.Application.Tests", "CoreCMS.Application.Tests\CoreCMS.Application.Tests.csproj", "{1C3174F0-B544-4AF7-83C3-AD8A54A59007}"
EndProject
Project("{2150E333-8FDC-42A3-9474-1A3956D46DE8}") = "Presentation", "Presentation", "{C7D6B513-512A-4D8E-B318-9DD6C55D618A}"
EndProject
Project("{FAE04EC0-301F-11D3-BF4B-00C04F79EFBC}") = "CoreCMS.WebApi", "CoreCMS.WebApi\CoreCMS.WebApi.csproj", "{DDCE0B29-9F88-44FB-93FF-A362EBF2C5BE}"
EndProject
Global
	GlobalSection(SolutionConfigurationPlatforms) = preSolution
		Debug|Any CPU = Debug|Any CPU
		Release|Any CPU = Release|Any CPU
	EndGlobalSection
	GlobalSection(NestedProjects) = preSolution
		{FBDF54F8-C24B-40D6-A86A-8834618C32B9} = {4500C0FD-BAD9-40B7-861D-3A7CEC0DF05A}
		{B2046F2C-6630-4DC3-9798-6C901BDCE915} = {4500C0FD-BAD9-40B7-861D-3A7CEC0DF05A}
		{39BBE3E3-308C-44FE-ADCB-32E43E2871EF} = {B2046F2C-6630-4DC3-9798-6C901BDCE915}
		{46C31471-0D64-4137-B1A4-5C7CB2C0053C} = {FBDF54F8-C24B-40D6-A86A-8834618C32B9}
		{2D4AFD95-7D83-4B9A-BBA1-E315A277923F} = {47FBE5DC-F78B-4194-ACE1-C4F3E14F804A}
		{BEAD6651-AC0E-4212-9795-2338FABB9B88} = {FBDF54F8-C24B-40D6-A86A-8834618C32B9}
		{1C3174F0-B544-4AF7-83C3-AD8A54A59007} = {47FBE5DC-F78B-4194-ACE1-C4F3E14F804A}
		{C7D6B513-512A-4D8E-B318-9DD6C55D618A} = {4500C0FD-BAD9-40B7-861D-3A7CEC0DF05A}
		{DDCE0B29-9F88-44FB-93FF-A362EBF2C5BE} = {C7D6B513-512A-4D8E-B318-9DD6C55D618A}
	EndGlobalSection
	GlobalSection(ProjectConfigurationPlatforms) = postSolution
		{39BBE3E3-308C-44FE-ADCB-32E43E2871EF}.Debug|Any CPU.ActiveCfg = Debug|Any CPU
		{39BBE3E3-308C-44FE-ADCB-32E43E2871EF}.Debug|Any CPU.Build.0 = Debug|Any CPU
		{39BBE3E3-308C-44FE-ADCB-32E43E2871EF}.Release|Any CPU.ActiveCfg = Release|Any CPU
		{39BBE3E3-308C-44FE-ADCB-32E43E2871EF}.Release|Any CPU.Build.0 = Release|Any CPU
		{46C31471-0D64-4137-B1A4-5C7CB2C0053C}.Debug|Any CPU.ActiveCfg = Debug|Any CPU
		{46C31471-0D64-4137-B1A4-5C7CB2C0053C}.Debug|Any CPU.Build.0 = Debug|Any CPU
		{46C31471-0D64-4137-B1A4-5C7CB2C0053C}.Release|Any CPU.ActiveCfg = Release|Any CPU
		{46C31471-0D64-4137-B1A4-5C7CB2C0053C}.Release|Any CPU.Build.0 = Release|Any CPU
		{2D4AFD95-7D83-4B9A-BBA1-E315A277923F}.Debug|Any CPU.ActiveCfg = Debug|Any CPU
		{2D4AFD95-7D83-4B9A-BBA1-E315A277923F}.Debug|Any CPU.Build.0 = Debug|Any CPU
		{2D4AFD95-7D83-4B9A-BBA1-E315A277923F}.Release|Any CPU.ActiveCfg = Release|Any CPU
		{2D4AFD95-7D83-4B9A-BBA1-E315A277923F}.Release|Any CPU.Build.0 = Release|Any CPU
		{BEAD6651-AC0E-4212-9795-2338FABB9B88}.Debug|Any CPU.ActiveCfg = Debug|Any CPU
		{BEAD6651-AC0E-4212-9795-2338FABB9B88}.Debug|Any CPU.Build.0 = Debug|Any CPU
		{BEAD6651-AC0E-4212-9795-2338FABB9B88}.Release|Any CPU.ActiveCfg = Release|Any CPU
		{BEAD6651-AC0E-4212-9795-2338FABB9B88}.Release|Any CPU.Build.0 = Release|Any CPU
		{1C3174F0-B544-4AF7-83C3-AD8A54A59007}.Debug|Any CPU.ActiveCfg = Debug|Any CPU
		{1C3174F0-B544-4AF7-83C3-AD8A54A59007}.Debug|Any CPU.Build.0 = Debug|Any CPU
		{1C3174F0-B544-4AF7-83C3-AD8A54A59007}.Release|Any CPU.ActiveCfg = Release|Any CPU
		{1C3174F0-B544-4AF7-83C3-AD8A54A59007}.Release|Any CPU.Build.0 = Release|Any CPU
		{DDCE0B29-9F88-44FB-93FF-A362EBF2C5BE}.Debug|Any CPU.ActiveCfg = Debug|Any CPU
		{DDCE0B29-9F88-44FB-93FF-A362EBF2C5BE}.Debug|Any CPU.Build.0 = Debug|Any CPU
		{DDCE0B29-9F88-44FB-93FF-A362EBF2C5BE}.Release|Any CPU.ActiveCfg = Release|Any CPU
		{DDCE0B29-9F88-44FB-93FF-A362EBF2C5BE}.Release|Any CPU.Build.0 = Release|Any CPU
	EndGlobalSection
EndGlobal
